
Microsoft Visual Studio Solution File, Format Version 12.00
# Visual Studio 15
VisualStudioVersion = 15.0.27428.2002
MinimumVisualStudioVersion = 10.0.40219.1
Project("{FAE04EC0-301F-11D3-BF4B-00C04F79EFBC}") = "UnitTestProject4", "UnitTestProject4\UnitTestProject4.csproj", "{69A86A7A-90EA-4CD2-8319-57421DC9626C}"
EndProject
Project("{FAE04EC0-301F-11D3-BF4B-00C04F79EFBC}") = "RestaurantAsiatique", "RestaurantAsiatique\RestaurantAsiatique.csproj", "{0CC8A72A-AFF6-4AE2-9409-D8DE5DAD1D49}"
EndProject
Global
	GlobalSection(SolutionConfigurationPlatforms) = preSolution
		Debug|Any CPU = Debug|Any CPU
		Release|Any CPU = Release|Any CPU
	EndGlobalSection
	GlobalSection(ProjectConfigurationPlatforms) = postSolution
		{69A86A7A-90EA-4CD2-8319-57421DC9626C}.Debug|Any CPU.ActiveCfg = Debug|Any CPU
		{69A86A7A-90EA-4CD2-8319-57421DC9626C}.Debug|Any CPU.Build.0 = Debug|Any CPU
		{69A86A7A-90EA-4CD2-8319-57421DC9626C}.Release|Any CPU.ActiveCfg = Release|Any CPU
		{69A86A7A-90EA-4CD2-8319-57421DC9626C}.Release|Any CPU.Build.0 = Release|Any CPU
		{0CC8A72A-AFF6-4AE2-9409-D8DE5DAD1D49}.Debug|Any CPU.ActiveCfg = Debug|Any CPU
		{0CC8A72A-AFF6-4AE2-9409-D8DE5DAD1D49}.Debug|Any CPU.Build.0 = Debug|Any CPU
		{0CC8A72A-AFF6-4AE2-9409-D8DE5DAD1D49}.Release|Any CPU.ActiveCfg = Release|Any CPU
		{0CC8A72A-AFF6-4AE2-9409-D8DE5DAD1D49}.Release|Any CPU.Build.0 = Release|Any CPU
	EndGlobalSection
	GlobalSection(SolutionProperties) = preSolution
		HideSolutionNode = FALSE
	EndGlobalSection
	GlobalSection(ExtensibilityGlobals) = postSolution
		SolutionGuid = {C4AF78A3-6601-4B73-B171-6E80D675556F}
	EndGlobalSection
EndGlobal
